
Microsoft Visual Studio Solution File, Format Version 12.00
# Visual Studio Version 17
VisualStudioVersion = 17.13.35919.96
MinimumVisualStudioVersion = 10.0.40219.1
Project("{8BC9CEB8-8B4A-11D0-8D11-00A0C91BC942}") = "HelloWorld", "HelloWorld\HelloWorld.vcxproj", "{D3A6D0A6-D382-4806-A9A8-DB5F123B2F48}"
EndProject
Project("{8BC9CEB8-8B4A-11D0-8D11-00A0C91BC942}") = "DataTypes", "DataTypes\DataTypes.vcxproj", "{8D50F0C8-2295-4EE4-BD33-D6D49F24B3F7}"
EndProject
Project("{8BC9CEB8-8B4A-11D0-8D11-00A0C91BC942}") = "PersonDatabase", "PersonDatabase\PersonDatabase.vcxproj", "{06563517-58F7-4D24-B7D1-6B17CFE7D21F}"
EndProject
Project("{8BC9CEB8-8B4A-11D0-8D11-00A0C91BC942}") = "Container", "Container\Container.vcxproj", "{85CB9F0A-A5E8-45AA-803B-0B7FDE269951}"
EndProject
Project("{8BC9CEB8-8B4A-11D0-8D11-00A0C91BC942}") = "NumberGuessingGame", "NumberGuessingGame\NumberGuessingGame.vcxproj", "{C7B99A18-AAED-4A42-BD22-A5BC4745400D}"
EndProject
Global
	GlobalSection(SolutionConfigurationPlatforms) = preSolution
		Debug|x64 = Debug|x64
		Debug|x86 = Debug|x86
		Release|x64 = Release|x64
		Release|x86 = Release|x86
	EndGlobalSection
	GlobalSection(ProjectConfigurationPlatforms) = postSolution
		{D3A6D0A6-D382-4806-A9A8-DB5F123B2F48}.Debug|x64.ActiveCfg = Debug|x64
		{D3A6D0A6-D382-4806-A9A8-DB5F123B2F48}.Debug|x64.Build.0 = Debug|x64
		{D3A6D0A6-D382-4806-A9A8-DB5F123B2F48}.Debug|x86.ActiveCfg = Debug|Win32
		{D3A6D0A6-D382-4806-A9A8-DB5F123B2F48}.Debug|x86.Build.0 = Debug|Win32
		{D3A6D0A6-D382-4806-A9A8-DB5F123B2F48}.Release|x64.ActiveCfg = Release|x64
		{D3A6D0A6-D382-4806-A9A8-DB5F123B2F48}.Release|x64.Build.0 = Release|x64
		{D3A6D0A6-D382-4806-A9A8-DB5F123B2F48}.Release|x86.ActiveCfg = Release|Win32
		{D3A6D0A6-D382-4806-A9A8-DB5F123B2F48}.Release|x86.Build.0 = Release|Win32
		{8D50F0C8-2295-4EE4-BD33-D6D49F24B3F7}.Debug|x64.ActiveCfg = Debug|x64
		{8D50F0C8-2295-4EE4-BD33-D6D49F24B3F7}.Debug|x64.Build.0 = Debug|x64
		{8D50F0C8-2295-4EE4-BD33-D6D49F24B3F7}.Debug|x86.ActiveCfg = Debug|Win32
		{8D50F0C8-2295-4EE4-BD33-D6D49F24B3F7}.Debug|x86.Build.0 = Debug|Win32
		{8D50F0C8-2295-4EE4-BD33-D6D49F24B3F7}.Release|x64.ActiveCfg = Release|x64
		{8D50F0C8-2295-4EE4-BD33-D6D49F24B3F7}.Release|x64.Build.0 = Release|x64
		{8D50F0C8-2295-4EE4-BD33-D6D49F24B3F7}.Release|x86.ActiveCfg = Release|Win32
		{8D50F0C8-2295-4EE4-BD33-D6D49F24B3F7}.Release|x86.Build.0 = Release|Win32
		{06563517-58F7-4D24-B7D1-6B17CFE7D21F}.Debug|x64.ActiveCfg = Debug|x64
		{06563517-58F7-4D24-B7D1-6B17CFE7D21F}.Debug|x64.Build.0 = Debug|x64
		{06563517-58F7-4D24-B7D1-6B17CFE7D21F}.Debug|x86.ActiveCfg = Debug|Win32
		{06563517-58F7-4D24-B7D1-6B17CFE7D21F}.Debug|x86.Build.0 = Debug|Win32
		{06563517-58F7-4D24-B7D1-6B17CFE7D21F}.Release|x64.ActiveCfg = Release|x64
		{06563517-58F7-4D24-B7D1-6B17CFE7D21F}.Release|x64.Build.0 = Release|x64
		{06563517-58F7-4D24-B7D1-6B17CFE7D21F}.Release|x86.ActiveCfg = Release|Win32
		{06563517-58F7-4D24-B7D1-6B17CFE7D21F}.Release|x86.Build.0 = Release|Win32
		{85CB9F0A-A5E8-45AA-803B-0B7FDE269951}.Debug|x64.ActiveCfg = Debug|x64
		{85CB9F0A-A5E8-45AA-803B-0B7FDE269951}.Debug|x64.Build.0 = Debug|x64
		{85CB9F0A-A5E8-45AA-803B-0B7FDE269951}.Debug|x86.ActiveCfg = Debug|Win32
		{85CB9F0A-A5E8-45AA-803B-0B7FDE269951}.Debug|x86.Build.0 = Debug|Win32
		{85CB9F0A-A5E8-45AA-803B-0B7FDE269951}.Release|x64.ActiveCfg = Release|x64
		{85CB9F0A-A5E8-45AA-803B-0B7FDE269951}.Release|x64.Build.0 = Release|x64
		{85CB9F0A-A5E8-45AA-803B-0B7FDE269951}.Release|x86.ActiveCfg = Release|Win32
		{85CB9F0A-A5E8-45AA-803B-0B7FDE269951}.Release|x86.Build.0 = Release|Win32
		{C7B99A18-AAED-4A42-BD22-A5BC4745400D}.Debug|x64.ActiveCfg = Debug|x64
		{C7B99A18-AAED-4A42-BD22-A5BC4745400D}.Debug|x64.Build.0 = Debug|x64
		{C7B99A18-AAED-4A42-BD22-A5BC4745400D}.Debug|x86.ActiveCfg = Debug|Win32
		{C7B99A18-AAED-4A42-BD22-A5BC4745400D}.Debug|x86.Build.0 = Debug|Win32
		{C7B99A18-AAED-4A42-BD22-A5BC4745400D}.Release|x64.ActiveCfg = Release|x64
		{C7B99A18-AAED-4A42-BD22-A5BC4745400D}.Release|x64.Build.0 = Release|x64
		{C7B99A18-AAED-4A42-BD22-A5BC4745400D}.Release|x86.ActiveCfg = Release|Win32
		{C7B99A18-AAED-4A42-BD22-A5BC4745400D}.Release|x86.Build.0 = Release|Win32
	EndGlobalSection
	GlobalSection(SolutionProperties) = preSolution
		HideSolutionNode = FALSE
	EndGlobalSection
	GlobalSection(ExtensibilityGlobals) = postSolution
		SolutionGuid = {63195FD8-9824-497B-B12A-E5E53923E36C}
	EndGlobalSection
EndGlobal
